
Microsoft Visual Studio Solution File, Format Version 12.00
# Visual Studio Version 18
VisualStudioVersion = 18.3.11312.210 d18.3
MinimumVisualStudioVersion = 10.0.40219.1
Project("{2150E333-8FDC-42A3-9474-1A3956D46DE8}") = "src", "src", "{8BC9CEB8-8B4A-11D0-8D11-00A0C91BC942}"
EndProject
Project("{2150E333-8FDC-42A3-9474-1A3956D46DE8}") = "tests", "tests", "{0AB3BF05-4346-4AA6-1389-037BE0695223}"
EndProject
Project("{F2A71F9B-5D33-465A-A702-920D77279786}") = "FSharp.MCP.DevKit.Core", "src\FSharp.MCP.DevKit.Core\FSharp.MCP.DevKit.Core.fsproj", "{11111111-1111-1111-1111-111111111111}"
EndProject
Project("{F2A71F9B-5D33-465A-A702-920D77279786}") = "FSharp.MCP.DevKit.Analysis", "src\FSharp.MCP.DevKit.Analysis\FSharp.MCP.DevKit.Analysis.fsproj", "{22222222-2222-2222-2222-222222222222}"
EndProject
Project("{F2A71F9B-5D33-465A-A702-920D77279786}") = "FSharp.MCP.DevKit.Communication", "src\FSharp.MCP.DevKit.Communication\FSharp.MCP.DevKit.Communication.fsproj", "{33333333-3333-3333-3333-333333333333}"
EndProject
Project("{F2A71F9B-5D33-465A-A702-920D77279786}") = "FSharp.MCP.DevKit.CodeEditing", "src\FSharp.MCP.DevKit.CodeEditing\FSharp.MCP.DevKit.CodeEditing.fsproj", "{44444444-4444-4444-4444-444444444444}"
EndProject
Project("{F2A71F9B-5D33-465A-A702-920D77279786}") = "FSharp.MCP.DevKit.Server", "src\FSharp.MCP.DevKit.Server\FSharp.MCP.DevKit.Server.fsproj", "{55555555-5555-5555-5555-555555555555}"
EndProject
Project("{F2A71F9B-5D33-465A-A702-920D77279786}") = "FSharp.MCP.DevKit.Tests", "tests\FSharp.MCP.DevKit.Tests.fsproj", "{C095F0D2-79FF-49E2-9DBB-AAE0C760EC96}"
EndProject
Project("{F2A71F9B-5D33-465A-A702-920D77279786}") = "FSharp.MCP.DevKit.Documentation", "src\FSharp.MCP.DevKit.Documentation\FSharp.MCP.DevKit.Documentation.fsproj", "{FED24944-33FB-4498-A355-307735DC0FD9}"
EndProject
Project("{F2A71F9B-5D33-465A-A702-920D77279786}") = "FSharp.MCP.DevKit.Documentation.Tool", "src\FSharp.MCP.DevKit.Documentation.Tool\FSharp.MCP.DevKit.Documentation.Tool.fsproj", "{66666666-6666-6666-6666-666666666666}"
EndProject
Project("{FAE04EC0-301F-11D3-BF4B-00C04F79EFBC}") = "ModelContextProtocol", "..\..\..\mcp\csharp-sdk_mine\src\ModelContextProtocol\ModelContextProtocol.csproj", "{FD074651-C40E-E4AE-C975-58F15CF052D3}"
EndProject
Project("{FAE04EC0-301F-11D3-BF4B-00C04F79EFBC}") = "ModelContextProtocol.AspNetCore", "..\..\..\mcp\csharp-sdk_mine\src\ModelContextProtocol.AspNetCore\ModelContextProtocol.AspNetCore.csproj", "{96A99C36-6018-55AD-0C2E-DC7E0A5164BD}"
EndProject
Project("{FAE04EC0-301F-11D3-BF4B-00C04F79EFBC}") = "ModelContextProtocol.Core", "..\..\..\mcp\csharp-sdk_mine\src\ModelContextProtocol.Core\ModelContextProtocol.Core.csproj", "{28EAF91B-8625-5F29-3CBA-2FB91A3268CA}"
EndProject
Global
	GlobalSection(SolutionConfigurationPlatforms) = preSolution
		Debug|Any CPU = Debug|Any CPU
		Debug|x64 = Debug|x64
		Debug|x86 = Debug|x86
		Release|Any CPU = Release|Any CPU
		Release|x64 = Release|x64
		Release|x86 = Release|x86
	EndGlobalSection
	GlobalSection(ProjectConfigurationPlatforms) = postSolution
		{11111111-1111-1111-1111-111111111111}.Debug|Any CPU.ActiveCfg = Debug|Any CPU
		{11111111-1111-1111-1111-111111111111}.Debug|Any CPU.Build.0 = Debug|Any CPU
		{11111111-1111-1111-1111-111111111111}.Debug|x64.ActiveCfg = Debug|Any CPU
		{11111111-1111-1111-1111-111111111111}.Debug|x64.Build.0 = Debug|Any CPU
		{11111111-1111-1111-1111-111111111111}.Debug|x86.ActiveCfg = Debug|Any CPU
		{11111111-1111-1111-1111-111111111111}.Debug|x86.Build.0 = Debug|Any CPU
		{11111111-1111-1111-1111-111111111111}.Release|Any CPU.ActiveCfg = Release|Any CPU
		{11111111-1111-1111-1111-111111111111}.Release|Any CPU.Build.0 = Release|Any CPU
		{11111111-1111-1111-1111-111111111111}.Release|x64.ActiveCfg = Release|Any CPU
		{11111111-1111-1111-1111-111111111111}.Release|x64.Build.0 = Release|Any CPU
		{11111111-1111-1111-1111-111111111111}.Release|x86.ActiveCfg = Release|Any CPU
		{11111111-1111-1111-1111-111111111111}.Release|x86.Build.0 = Release|Any CPU
		{22222222-2222-2222-2222-222222222222}.Debug|Any CPU.ActiveCfg = Debug|Any CPU
		{22222222-2222-2222-2222-222222222222}.Debug|Any CPU.Build.0 = Debug|Any CPU
		{22222222-2222-2222-2222-222222222222}.Debug|x64.ActiveCfg = Debug|Any CPU
		{22222222-2222-2222-2222-222222222222}.Debug|x64.Build.0 = Debug|Any CPU
		{22222222-2222-2222-2222-222222222222}.Debug|x86.ActiveCfg = Debug|Any CPU
		{22222222-2222-2222-2222-222222222222}.Debug|x86.Build.0 = Debug|Any CPU
		{22222222-2222-2222-2222-222222222222}.Release|Any CPU.ActiveCfg = Release|Any CPU
		{22222222-2222-2222-2222-222222222222}.Release|Any CPU.Build.0 = Release|Any CPU
		{22222222-2222-2222-2222-222222222222}.Release|x64.ActiveCfg = Release|Any CPU
		{22222222-2222-2222-2222-222222222222}.Release|x64.Build.0 = Release|Any CPU
		{22222222-2222-2222-2222-222222222222}.Release|x86.ActiveCfg = Release|Any CPU
		{22222222-2222-2222-2222-222222222222}.Release|x86.Build.0 = Release|Any CPU
		{33333333-3333-3333-3333-333333333333}.Debug|Any CPU.ActiveCfg = Debug|Any CPU
		{33333333-3333-3333-3333-333333333333}.Debug|Any CPU.Build.0 = Debug|Any CPU
		{33333333-3333-3333-3333-333333333333}.Debug|x64.ActiveCfg = Debug|Any CPU
		{33333333-3333-3333-3333-333333333333}.Debug|x64.Build.0 = Debug|Any CPU
		{33333333-3333-3333-3333-333333333333}.Debug|x86.ActiveCfg = Debug|Any CPU
		{33333333-3333-3333-3333-333333333333}.Debug|x86.Build.0 = Debug|Any CPU
		{33333333-3333-3333-3333-333333333333}.Release|Any CPU.ActiveCfg = Release|Any CPU
		{33333333-3333-3333-3333-333333333333}.Release|Any CPU.Build.0 = Release|Any CPU
		{33333333-3333-3333-3333-333333333333}.Release|x64.ActiveCfg = Release|Any CPU
		{33333333-3333-3333-3333-333333333333}.Release|x64.Build.0 = Release|Any CPU
		{33333333-3333-3333-3333-333333333333}.Release|x86.ActiveCfg = Release|Any CPU
		{33333333-3333-3333-3333-333333333333}.Release|x86.Build.0 = Release|Any CPU
		{44444444-4444-4444-4444-444444444444}.Debug|Any CPU.ActiveCfg = Debug|Any CPU
		{44444444-4444-4444-4444-444444444444}.Debug|Any CPU.Build.0 = Debug|Any CPU
		{44444444-4444-4444-4444-444444444444}.Debug|x64.ActiveCfg = Debug|Any CPU
		{44444444-4444-4444-4444-444444444444}.Debug|x64.Build.0 = Debug|Any CPU
		{44444444-4444-4444-4444-444444444444}.Debug|x86.ActiveCfg = Debug|Any CPU
		{44444444-4444-4444-4444-444444444444}.Debug|x86.Build.0 = Debug|Any CPU
		{44444444-4444-4444-4444-444444444444}.Release|Any CPU.ActiveCfg = Release|Any CPU
		{44444444-4444-4444-4444-444444444444}.Release|Any CPU.Build.0 = Release|Any CPU
		{44444444-4444-4444-4444-444444444444}.Release|x64.ActiveCfg = Release|Any CPU
		{44444444-4444-4444-4444-444444444444}.Release|x64.Build.0 = Release|Any CPU
		{44444444-4444-4444-4444-444444444444}.Release|x86.ActiveCfg = Release|Any CPU
		{44444444-4444-4444-4444-444444444444}.Release|x86.Build.0 = Release|Any CPU
		{55555555-5555-5555-5555-555555555555}.Debug|Any CPU.ActiveCfg = Debug|Any CPU
		{55555555-5555-5555-5555-555555555555}.Debug|Any CPU.Build.0 = Debug|Any CPU
		{55555555-5555-5555-5555-555555555555}.Debug|x64.ActiveCfg = Debug|Any CPU
		{55555555-5555-5555-5555-555555555555}.Debug|x64.Build.0 = Debug|Any CPU
		{55555555-5555-5555-5555-555555555555}.Debug|x86.ActiveCfg = Debug|Any CPU
		{55555555-5555-5555-5555-555555555555}.Debug|x86.Build.0 = Debug|Any CPU
		{55555555-5555-5555-5555-555555555555}.Release|Any CPU.ActiveCfg = Release|Any CPU
		{55555555-5555-5555-5555-555555555555}.Release|Any CPU.Build.0 = Release|Any CPU
		{55555555-5555-5555-5555-555555555555}.Release|x64.ActiveCfg = Release|Any CPU
		{55555555-5555-5555-5555-555555555555}.Release|x64.Build.0 = Release|Any CPU
		{55555555-5555-5555-5555-555555555555}.Release|x86.ActiveCfg = Release|Any CPU
		{55555555-5555-5555-5555-555555555555}.Release|x86.Build.0 = Release|Any CPU
		{C095F0D2-79FF-49E2-9DBB-AAE0C760EC96}.Debug|Any CPU.ActiveCfg = Debug|Any CPU
		{C095F0D2-79FF-49E2-9DBB-AAE0C760EC96}.Debug|Any CPU.Build.0 = Debug|Any CPU
		{C095F0D2-79FF-49E2-9DBB-AAE0C760EC96}.Debug|x64.ActiveCfg = Debug|Any CPU
		{C095F0D2-79FF-49E2-9DBB-AAE0C760EC96}.Debug|x64.Build.0 = Debug|Any CPU
		{C095F0D2-79FF-49E2-9DBB-AAE0C760EC96}.Debug|x86.ActiveCfg = Debug|Any CPU
		{C095F0D2-79FF-49E2-9DBB-AAE0C760EC96}.Debug|x86.Build.0 = Debug|Any CPU
		{C095F0D2-79FF-49E2-9DBB-AAE0C760EC96}.Release|Any CPU.ActiveCfg = Release|Any CPU
		{C095F0D2-79FF-49E2-9DBB-AAE0C760EC96}.Release|Any CPU.Build.0 = Release|Any CPU
		{C095F0D2-79FF-49E2-9DBB-AAE0C760EC96}.Release|x64.ActiveCfg = Release|Any CPU
		{C095F0D2-79FF-49E2-9DBB-AAE0C760EC96}.Release|x64.Build.0 = Release|Any CPU
		{C095F0D2-79FF-49E2-9DBB-AAE0C760EC96}.Release|x86.ActiveCfg = Release|Any CPU
		{C095F0D2-79FF-49E2-9DBB-AAE0C760EC96}.Release|x86.Build.0 = Release|Any CPU
		{FED24944-33FB-4498-A355-307735DC0FD9}.Debug|Any CPU.ActiveCfg = Debug|Any CPU
		{FED24944-33FB-4498-A355-307735DC0FD9}.Debug|Any CPU.Build.0 = Debug|Any CPU
		{FED24944-33FB-4498-A355-307735DC0FD9}.Debug|x64.ActiveCfg = Debug|Any CPU
		{FED24944-33FB-4498-A355-307735DC0FD9}.Debug|x64.Build.0 = Debug|Any CPU
		{FED24944-33FB-4498-A355-307735DC0FD9}.Debug|x86.ActiveCfg = Debug|Any CPU
		{FED24944-33FB-4498-A355-307735DC0FD9}.Debug|x86.Build.0 = Debug|Any CPU
		{FED24944-33FB-4498-A355-307735DC0FD9}.Release|Any CPU.ActiveCfg = Release|Any CPU
		{FED24944-33FB-4498-A355-307735DC0FD9}.Release|Any CPU.Build.0 = Release|Any CPU
		{FED24944-33FB-4498-A355-307735DC0FD9}.Release|x64.ActiveCfg = Release|Any CPU
		{FED24944-33FB-4498-A355-307735DC0FD9}.Release|x64.Build.0 = Release|Any CPU
		{FED24944-33FB-4498-A355-307735DC0FD9}.Release|x86.ActiveCfg = Release|Any CPU
		{FED24944-33FB-4498-A355-307735DC0FD9}.Release|x86.Build.0 = Release|Any CPU
		{66666666-6666-6666-6666-666666666666}.Debug|Any CPU.ActiveCfg = Debug|Any CPU
		{66666666-6666-6666-6666-666666666666}.Debug|Any CPU.Build.0 = Debug|Any CPU
		{66666666-6666-6666-6666-666666666666}.Debug|x64.ActiveCfg = Debug|Any CPU
		{66666666-6666-6666-6666-666666666666}.Debug|x64.Build.0 = Debug|Any CPU
		{66666666-6666-6666-6666-666666666666}.Debug|x86.ActiveCfg = Debug|Any CPU
		{66666666-6666-6666-6666-666666666666}.Debug|x86.Build.0 = Debug|Any CPU
		{66666666-6666-6666-6666-666666666666}.Release|Any CPU.ActiveCfg = Release|Any CPU
		{66666666-6666-6666-6666-666666666666}.Release|Any CPU.Build.0 = Release|Any CPU
		{66666666-6666-6666-6666-666666666666}.Release|x64.ActiveCfg = Release|Any CPU
		{66666666-6666-6666-6666-666666666666}.Release|x64.Build.0 = Release|Any CPU
		{66666666-6666-6666-6666-666666666666}.Release|x86.ActiveCfg = Release|Any CPU
		{66666666-6666-6666-6666-666666666666}.Release|x86.Build.0 = Release|Any CPU
		{FD074651-C40E-E4AE-C975-58F15CF052D3}.Debug|Any CPU.ActiveCfg = Debug|Any CPU
		{FD074651-C40E-E4AE-C975-58F15CF052D3}.Debug|Any CPU.Build.0 = Debug|Any CPU
		{FD074651-C40E-E4AE-C975-58F15CF052D3}.Debug|x64.ActiveCfg = Debug|Any CPU
		{FD074651-C40E-E4AE-C975-58F15CF052D3}.Debug|x64.Build.0 = Debug|Any CPU
		{FD074651-C40E-E4AE-C975-58F15CF052D3}.Debug|x86.ActiveCfg = Debug|Any CPU
		{FD074651-C40E-E4AE-C975-58F15CF052D3}.Debug|x86.Build.0 = Debug|Any CPU
		{FD074651-C40E-E4AE-C975-58F15CF052D3}.Release|Any CPU.ActiveCfg = Release|Any CPU
		{FD074651-C40E-E4AE-C975-58F15CF052D3}.Release|Any CPU.Build.0 = Release|Any CPU
		{FD074651-C40E-E4AE-C975-58F15CF052D3}.Release|x64.ActiveCfg = Release|Any CPU
		{FD074651-C40E-E4AE-C975-58F15CF052D3}.Release|x64.Build.0 = Release|Any CPU
		{FD074651-C40E-E4AE-C975-58F15CF052D3}.Release|x86.ActiveCfg = Release|Any CPU
		{FD074651-C40E-E4AE-C975-58F15CF052D3}.Release|x86.Build.0 = Release|Any CPU
		{96A99C36-6018-55AD-0C2E-DC7E0A5164BD}.Debug|Any CPU.ActiveCfg = Debug|Any CPU
		{96A99C36-6018-55AD-0C2E-DC7E0A5164BD}.Debug|Any CPU.Build.0 = Debug|Any CPU
		{96A99C36-6018-55AD-0C2E-DC7E0A5164BD}.Debug|x64.ActiveCfg = Debug|Any CPU
		{96A99C36-6018-55AD-0C2E-DC7E0A5164BD}.Debug|x64.Build.0 = Debug|Any CPU
		{96A99C36-6018-55AD-0C2E-DC7E0A5164BD}.Debug|x86.ActiveCfg = Debug|Any CPU
		{96A99C36-6018-55AD-0C2E-DC7E0A5164BD}.Debug|x86.Build.0 = Debug|Any CPU
		{96A99C36-6018-55AD-0C2E-DC7E0A5164BD}.Release|Any CPU.ActiveCfg = Release|Any CPU
		{96A99C36-6018-55AD-0C2E-DC7E0A5164BD}.Release|Any CPU.Build.0 = Release|Any CPU
		{96A99C36-6018-55AD-0C2E-DC7E0A5164BD}.Release|x64.ActiveCfg = Release|Any CPU
		{96A99C36-6018-55AD-0C2E-DC7E0A5164BD}.Release|x64.Build.0 = Release|Any CPU
		{96A99C36-6018-55AD-0C2E-DC7E0A5164BD}.Release|x86.ActiveCfg = Release|Any CPU
		{96A99C36-6018-55AD-0C2E-DC7E0A5164BD}.Release|x86.Build.0 = Release|Any CPU
		{28EAF91B-8625-5F29-3CBA-2FB91A3268CA}.Debug|Any CPU.ActiveCfg = Debug|Any CPU
		{28EAF91B-8625-5F29-3CBA-2FB91A3268CA}.Debug|Any CPU.Build.0 = Debug|Any CPU
		{28EAF91B-8625-5F29-3CBA-2FB91A3268CA}.Debug|x64.ActiveCfg = Debug|Any CPU
		{28EAF91B-8625-5F29-3CBA-2FB91A3268CA}.Debug|x64.Build.0 = Debug|Any CPU
		{28EAF91B-8625-5F29-3CBA-2FB91A3268CA}.Debug|x86.ActiveCfg = Debug|Any CPU
		{28EAF91B-8625-5F29-3CBA-2FB91A3268CA}.Debug|x86.Build.0 = Debug|Any CPU
		{28EAF91B-8625-5F29-3CBA-2FB91A3268CA}.Release|Any CPU.ActiveCfg = Release|Any CPU
		{28EAF91B-8625-5F29-3CBA-2FB91A3268CA}.Release|Any CPU.Build.0 = Release|Any CPU
		{28EAF91B-8625-5F29-3CBA-2FB91A3268CA}.Release|x64.ActiveCfg = Release|Any CPU
		{28EAF91B-8625-5F29-3CBA-2FB91A3268CA}.Release|x64.Build.0 = Release|Any CPU
		{28EAF91B-8625-5F29-3CBA-2FB91A3268CA}.Release|x86.ActiveCfg = Release|Any CPU
		{28EAF91B-8625-5F29-3CBA-2FB91A3268CA}.Release|x86.Build.0 = Release|Any CPU
	EndGlobalSection
	GlobalSection(SolutionProperties) = preSolution
		HideSolutionNode = FALSE
	EndGlobalSection
	GlobalSection(NestedProjects) = preSolution
		{11111111-1111-1111-1111-111111111111} = {8BC9CEB8-8B4A-11D0-8D11-00A0C91BC942}
		{22222222-2222-2222-2222-222222222222} = {8BC9CEB8-8B4A-11D0-8D11-00A0C91BC942}
		{33333333-3333-3333-3333-333333333333} = {8BC9CEB8-8B4A-11D0-8D11-00A0C91BC942}
		{44444444-4444-4444-4444-444444444444} = {8BC9CEB8-8B4A-11D0-8D11-00A0C91BC942}
		{55555555-5555-5555-5555-555555555555} = {8BC9CEB8-8B4A-11D0-8D11-00A0C91BC942}
		{C095F0D2-79FF-49E2-9DBB-AAE0C760EC96} = {0AB3BF05-4346-4AA6-1389-037BE0695223}
		{FED24944-33FB-4498-A355-307735DC0FD9} = {8BC9CEB8-8B4A-11D0-8D11-00A0C91BC942}
		{66666666-6666-6666-6666-666666666666} = {8BC9CEB8-8B4A-11D0-8D11-00A0C91BC942}
	EndGlobalSection
	GlobalSection(ExtensibilityGlobals) = postSolution
		SolutionGuid = {3DD85B04-A499-4FFD-B1E4-BA3DD419184A}
	EndGlobalSection
EndGlobal
